
Microsoft Visual Studio Solution File, Format Version 12.00
# Visual Studio Version 17
VisualStudioVersion = 17.9.34728.123
MinimumVisualStudioVersion = 10.0.40219.1
Project("{FAE04EC0-301F-11D3-BF4B-00C04F79EFBC}") = "Ejercicios_Razor_Pages", "Ejercicios_Razor_Pages.csproj", "{EF26737D-E585-4C88-B060-9E080987F581}"
EndProject
Global
	GlobalSection(SolutionConfigurationPlatforms) = preSolution
		Debug|Any CPU = Debug|Any CPU
		Release|Any CPU = Release|Any CPU
	EndGlobalSection
	GlobalSection(ProjectConfigurationPlatforms) = postSolution
		{EF26737D-E585-4C88-B060-9E080987F581}.Debug|Any CPU.ActiveCfg = Debug|Any CPU
		{EF26737D-E585-4C88-B060-9E080987F581}.Debug|Any CPU.Build.0 = Debug|Any CPU
		{EF26737D-E585-4C88-B060-9E080987F581}.Release|Any CPU.ActiveCfg = Release|Any CPU
		{EF26737D-E585-4C88-B060-9E080987F581}.Release|Any CPU.Build.0 = Release|Any CPU
	EndGlobalSection
	GlobalSection(SolutionProperties) = preSolution
		HideSolutionNode = FALSE
	EndGlobalSection
	GlobalSection(ExtensibilityGlobals) = postSolution
		SolutionGuid = {575F6FA4-A02E-490A-AB8D-1424CB6E6744}
	EndGlobalSection
EndGlobal
